// !$*UTF8*$!
{
	archiveVersion = 1;
	classes = {
	};
	objectVersion = 56;
	objects = {

/* Begin PBXBuildFile section */
		8E7F3E7D2AF1925000C57000 /* AppDelegate.swift in Sources */ = {isa = PBXBuildFile; fileRef = 8E7F3E7C2AF1925000C57000 /* AppDelegate.swift */; };
		8E7F3E7F2AF1925000C57000 /* SceneDelegate.swift in Sources */ = {isa = PBXBuildFile; fileRef = 8E7F3E7E2AF1925000C57000 /* SceneDelegate.swift */; };
		8E7F3E812AF1925000C57000 /* RMTabBarController.swift in Sources */ = {isa = PBXBuildFile; fileRef = 8E7F3E802AF1925000C57000 /* RMTabBarController.swift */; };
		8E7F3E862AF1925200C57000 /* Assets.xcassets in Resources */ = {isa = PBXBuildFile; fileRef = 8E7F3E852AF1925200C57000 /* Assets.xcassets */; };
		8E7F3E892AF1925200C57000 /* LaunchScreen.storyboard in Resources */ = {isa = PBXBuildFile; fileRef = 8E7F3E872AF1925200C57000 /* LaunchScreen.storyboard */; };
		8E7F3E942AF1925200C57000 /* RickAndMortySampleIOSProjectTests.swift in Sources */ = {isa = PBXBuildFile; fileRef = 8E7F3E932AF1925200C57000 /* RickAndMortySampleIOSProjectTests.swift */; };
		8E7F3E9E2AF1925200C57000 /* RickAndMortySampleIOSProjectUITests.swift in Sources */ = {isa = PBXBuildFile; fileRef = 8E7F3E9D2AF1925200C57000 /* RickAndMortySampleIOSProjectUITests.swift */; };
		8E7F3EA02AF1925200C57000 /* RickAndMortySampleIOSProjectUITestsLaunchTests.swift in Sources */ = {isa = PBXBuildFile; fileRef = 8E7F3E9F2AF1925200C57000 /* RickAndMortySampleIOSProjectUITestsLaunchTests.swift */; };
		8E7F3EB42AF1AC8600C57000 /* RMLocation.swift in Sources */ = {isa = PBXBuildFile; fileRef = 8E7F3EB32AF1AC8600C57000 /* RMLocation.swift */; };
		8E7F3EB62AF1AC9400C57000 /* RMEpisode.swift in Sources */ = {isa = PBXBuildFile; fileRef = 8E7F3EB52AF1AC9400C57000 /* RMEpisode.swift */; };
		8E7F3EB82AF1ACA300C57000 /* RMCharacter.swift in Sources */ = {isa = PBXBuildFile; fileRef = 8E7F3EB72AF1ACA300C57000 /* RMCharacter.swift */; };
		8E7F3EBB2AF1AD0A00C57000 /* RMLocationController.swift in Sources */ = {isa = PBXBuildFile; fileRef = 8E7F3EBA2AF1AD0A00C57000 /* RMLocationController.swift */; };
		8E7F3EBD2AF1AD1D00C57000 /* RMEpisodeController.swift in Sources */ = {isa = PBXBuildFile; fileRef = 8E7F3EBC2AF1AD1D00C57000 /* RMEpisodeController.swift */; };
		8E7F3EBF2AF1AD3000C57000 /* RMCharacterController.swift in Sources */ = {isa = PBXBuildFile; fileRef = 8E7F3EBE2AF1AD3000C57000 /* RMCharacterController.swift */; };
		8E7F3EC12AF1AD4400C57000 /* RMSettingsController.swift in Sources */ = {isa = PBXBuildFile; fileRef = 8E7F3EC02AF1AD4400C57000 /* RMSettingsController.swift */; };
		8E7F3EC32AFC4C3100C57000 /* RMService.swift in Sources */ = {isa = PBXBuildFile; fileRef = 8E7F3EC22AFC4C3100C57000 /* RMService.swift */; };
		8E7F3EC52AFC4C4700C57000 /* RMRequest.swift in Sources */ = {isa = PBXBuildFile; fileRef = 8E7F3EC42AFC4C4700C57000 /* RMRequest.swift */; };
		8E7F3EC72AFC4D2900C57000 /* RMEndpoint.swift in Sources */ = {isa = PBXBuildFile; fileRef = 8E7F3EC62AFC4D2900C57000 /* RMEndpoint.swift */; };
/* End PBXBuildFile section */

/* Begin PBXContainerItemProxy section */
		8E7F3E902AF1925200C57000 /* PBXContainerItemProxy */ = {
			isa = PBXContainerItemProxy;
			containerPortal = 8E7F3E712AF1925000C57000 /* Project object */;
			proxyType = 1;
			remoteGlobalIDString = 8E7F3E782AF1925000C57000;
			remoteInfo = RickAndMortySampleIOSProject;
		};
		8E7F3E9A2AF1925200C57000 /* PBXContainerItemProxy */ = {
			isa = PBXContainerItemProxy;
			containerPortal = 8E7F3E712AF1925000C57000 /* Project object */;
			proxyType = 1;
			remoteGlobalIDString = 8E7F3E782AF1925000C57000;
			remoteInfo = RickAndMortySampleIOSProject;
		};
/* End PBXContainerItemProxy section */

/* Begin PBXFileReference section */
		8E7F3E792AF1925000C57000 /* RickAndMortySampleIOSProject.app */ = {isa = PBXFileReference; explicitFileType = wrapper.application; includeInIndex = 0; path = RickAndMortySampleIOSProject.app; sourceTree = BUILT_PRODUCTS_DIR; };
		8E7F3E7C2AF1925000C57000 /* AppDelegate.swift */ = {isa = PBXFileReference; lastKnownFileType = sourcecode.swift; path = AppDelegate.swift; sourceTree = "<group>"; };
		8E7F3E7E2AF1925000C57000 /* SceneDelegate.swift */ = {isa = PBXFileReference; lastKnownFileType = sourcecode.swift; path = SceneDelegate.swift; sourceTree = "<group>"; };
		8E7F3E802AF1925000C57000 /* RMTabBarController.swift */ = {isa = PBXFileReference; lastKnownFileType = sourcecode.swift; path = RMTabBarController.swift; sourceTree = "<group>"; };
		8E7F3E852AF1925200C57000 /* Assets.xcassets */ = {isa = PBXFileReference; lastKnownFileType = folder.assetcatalog; path = Assets.xcassets; sourceTree = "<group>"; };
		8E7F3E882AF1925200C57000 /* Base */ = {isa = PBXFileReference; lastKnownFileType = file.storyboard; name = Base; path = Base.lproj/LaunchScreen.storyboard; sourceTree = "<group>"; };
		8E7F3E8A2AF1925200C57000 /* Info.plist */ = {isa = PBXFileReference; lastKnownFileType = text.plist.xml; path = Info.plist; sourceTree = "<group>"; };
		8E7F3E8F2AF1925200C57000 /* RickAndMortySampleIOSProjectTests.xctest */ = {isa = PBXFileReference; explicitFileType = wrapper.cfbundle; includeInIndex = 0; path = RickAndMortySampleIOSProjectTests.xctest; sourceTree = BUILT_PRODUCTS_DIR; };
		8E7F3E932AF1925200C57000 /* RickAndMortySampleIOSProjectTests.swift */ = {isa = PBXFileReference; lastKnownFileType = sourcecode.swift; path = RickAndMortySampleIOSProjectTests.swift; sourceTree = "<group>"; };
		8E7F3E992AF1925200C57000 /* RickAndMortySampleIOSProjectUITests.xctest */ = {isa = PBXFileReference; explicitFileType = wrapper.cfbundle; includeInIndex = 0; path = RickAndMortySampleIOSProjectUITests.xctest; sourceTree = BUILT_PRODUCTS_DIR; };
		8E7F3E9D2AF1925200C57000 /* RickAndMortySampleIOSProjectUITests.swift */ = {isa = PBXFileReference; lastKnownFileType = sourcecode.swift; path = RickAndMortySampleIOSProjectUITests.swift; sourceTree = "<group>"; };
		8E7F3E9F2AF1925200C57000 /* RickAndMortySampleIOSProjectUITestsLaunchTests.swift */ = {isa = PBXFileReference; lastKnownFileType = sourcecode.swift; path = RickAndMortySampleIOSProjectUITestsLaunchTests.swift; sourceTree = "<group>"; };
		8E7F3EB32AF1AC8600C57000 /* RMLocation.swift */ = {isa = PBXFileReference; lastKnownFileType = sourcecode.swift; path = RMLocation.swift; sourceTree = "<group>"; };
		8E7F3EB52AF1AC9400C57000 /* RMEpisode.swift */ = {isa = PBXFileReference; lastKnownFileType = sourcecode.swift; path = RMEpisode.swift; sourceTree = "<group>"; };
		8E7F3EB72AF1ACA300C57000 /* RMCharacter.swift */ = {isa = PBXFileReference; lastKnownFileType = sourcecode.swift; path = RMCharacter.swift; sourceTree = "<group>"; };
		8E7F3EBA2AF1AD0A00C57000 /* RMLocationController.swift */ = {isa = PBXFileReference; lastKnownFileType = sourcecode.swift; path = RMLocationController.swift; sourceTree = "<group>"; };
		8E7F3EBC2AF1AD1D00C57000 /* RMEpisodeController.swift */ = {isa = PBXFileReference; lastKnownFileType = sourcecode.swift; path = RMEpisodeController.swift; sourceTree = "<group>"; };
		8E7F3EBE2AF1AD3000C57000 /* RMCharacterController.swift */ = {isa = PBXFileReference; lastKnownFileType = sourcecode.swift; path = RMCharacterController.swift; sourceTree = "<group>"; };
		8E7F3EC02AF1AD4400C57000 /* RMSettingsController.swift */ = {isa = PBXFileReference; lastKnownFileType = sourcecode.swift; path = RMSettingsController.swift; sourceTree = "<group>"; };
		8E7F3EC22AFC4C3100C57000 /* RMService.swift */ = {isa = PBXFileReference; lastKnownFileType = sourcecode.swift; path = RMService.swift; sourceTree = "<group>"; };
		8E7F3EC42AFC4C4700C57000 /* RMRequest.swift */ = {isa = PBXFileReference; lastKnownFileType = sourcecode.swift; path = RMRequest.swift; sourceTree = "<group>"; };
		8E7F3EC62AFC4D2900C57000 /* RMEndpoint.swift */ = {isa = PBXFileReference; lastKnownFileType = sourcecode.swift; path = RMEndpoint.swift; sourceTree = "<group>"; };
/* End PBXFileReference section */

/* Begin PBXFrameworksBuildPhase section */
		8E7F3E762AF1925000C57000 /* Frameworks */ = {
			isa = PBXFrameworksBuildPhase;
			buildActionMask = 2147483647;
			files = (
			);
			runOnlyForDeploymentPostprocessing = 0;
		};
		8E7F3E8C2AF1925200C57000 /* Frameworks */ = {
			isa = PBXFrameworksBuildPhase;
			buildActionMask = 2147483647;
			files = (
			);
			runOnlyForDeploymentPostprocessing = 0;
		};
		8E7F3E962AF1925200C57000 /* Frameworks */ = {
			isa = PBXFrameworksBuildPhase;
			buildActionMask = 2147483647;
			files = (
			);
			runOnlyForDeploymentPostprocessing = 0;
		};
/* End PBXFrameworksBuildPhase section */

/* Begin PBXGroup section */
		8E7F3E702AF1925000C57000 = {
			isa = PBXGroup;
			children = (
				8E7F3E7B2AF1925000C57000 /* RickAndMortySampleIOSProject */,
				8E7F3E922AF1925200C57000 /* RickAndMortySampleIOSProjectTests */,
				8E7F3E9C2AF1925200C57000 /* RickAndMortySampleIOSProjectUITests */,
				8E7F3E7A2AF1925000C57000 /* Products */,
			);
			sourceTree = "<group>";
		};
		8E7F3E7A2AF1925000C57000 /* Products */ = {
			isa = PBXGroup;
			children = (
				8E7F3E792AF1925000C57000 /* RickAndMortySampleIOSProject.app */,
				8E7F3E8F2AF1925200C57000 /* RickAndMortySampleIOSProjectTests.xctest */,
				8E7F3E992AF1925200C57000 /* RickAndMortySampleIOSProjectUITests.xctest */,
			);
			name = Products;
			sourceTree = "<group>";
		};
		8E7F3E7B2AF1925000C57000 /* RickAndMortySampleIOSProject */ = {
			isa = PBXGroup;
			children = (
				8E7F3EB22AF1946F00C57000 /* Resources */,
				8E7F3EB12AF1946700C57000 /* Managers */,
				8E7F3EB02AF1946000C57000 /* APIClients */,
				8E7F3EAF2AF1945900C57000 /* ViewwModels */,
				8E7F3EAE2AF1945300C57000 /* Views */,
				8E7F3EAD2AF1944C00C57000 /* Models */,
				8E7F3EAC2AF1944100C57000 /* Controller */,
				8E7F3E8A2AF1925200C57000 /* Info.plist */,
			);
			path = RickAndMortySampleIOSProject;
			sourceTree = "<group>";
		};
		8E7F3E922AF1925200C57000 /* RickAndMortySampleIOSProjectTests */ = {
			isa = PBXGroup;
			children = (
				8E7F3E932AF1925200C57000 /* RickAndMortySampleIOSProjectTests.swift */,
			);
			path = RickAndMortySampleIOSProjectTests;
			sourceTree = "<group>";
		};
		8E7F3E9C2AF1925200C57000 /* RickAndMortySampleIOSProjectUITests */ = {
			isa = PBXGroup;
			children = (
				8E7F3E9D2AF1925200C57000 /* RickAndMortySampleIOSProjectUITests.swift */,
				8E7F3E9F2AF1925200C57000 /* RickAndMortySampleIOSProjectUITestsLaunchTests.swift */,
			);
			path = RickAndMortySampleIOSProjectUITests;
			sourceTree = "<group>";
		};
		8E7F3EAC2AF1944100C57000 /* Controller */ = {
			isa = PBXGroup;
			children = (
				8E7F3EB92AF1ACAB00C57000 /* Core */,
			);
			path = Controller;
			sourceTree = "<group>";
		};
		8E7F3EAD2AF1944C00C57000 /* Models */ = {
			isa = PBXGroup;
			children = (
				8E7F3EB32AF1AC8600C57000 /* RMLocation.swift */,
				8E7F3EB52AF1AC9400C57000 /* RMEpisode.swift */,
				8E7F3EB72AF1ACA300C57000 /* RMCharacter.swift */,
			);
			path = Models;
			sourceTree = "<group>";
		};
		8E7F3EAE2AF1945300C57000 /* Views */ = {
			isa = PBXGroup;
			children = (
			);
			path = Views;
			sourceTree = "<group>";
		};
		8E7F3EAF2AF1945900C57000 /* ViewwModels */ = {
			isa = PBXGroup;
			children = (
			);
			path = ViewwModels;
			sourceTree = "<group>";
		};
		8E7F3EB02AF1946000C57000 /* APIClients */ = {
			isa = PBXGroup;
			children = (
				8E7F3EC22AFC4C3100C57000 /* RMService.swift */,
				8E7F3EC42AFC4C4700C57000 /* RMRequest.swift */,
				8E7F3EC62AFC4D2900C57000 /* RMEndpoint.swift */,
			);
			path = APIClients;
			sourceTree = "<group>";
		};
		8E7F3EB12AF1946700C57000 /* Managers */ = {
			isa = PBXGroup;
			children = (
			);
			path = Managers;
			sourceTree = "<group>";
		};
		8E7F3EB22AF1946F00C57000 /* Resources */ = {
			isa = PBXGroup;
			children = (
				8E7F3E852AF1925200C57000 /* Assets.xcassets */,
				8E7F3E872AF1925200C57000 /* LaunchScreen.storyboard */,
				8E7F3E7C2AF1925000C57000 /* AppDelegate.swift */,
				8E7F3E7E2AF1925000C57000 /* SceneDelegate.swift */,
			);
			path = Resources;
			sourceTree = "<group>";
		};
		8E7F3EB92AF1ACAB00C57000 /* Core */ = {
			isa = PBXGroup;
			children = (
				8E7F3E802AF1925000C57000 /* RMTabBarController.swift */,
				8E7F3EBA2AF1AD0A00C57000 /* RMLocationController.swift */,
				8E7F3EBC2AF1AD1D00C57000 /* RMEpisodeController.swift */,
				8E7F3EBE2AF1AD3000C57000 /* RMCharacterController.swift */,
				8E7F3EC02AF1AD4400C57000 /* RMSettingsController.swift */,
			);
			path = Core;
			sourceTree = "<group>";
		};
/* End PBXGroup section */

/* Begin PBXNativeTarget section */
		8E7F3E782AF1925000C57000 /* RickAndMortySampleIOSProject */ = {
			isa = PBXNativeTarget;
			buildConfigurationList = 8E7F3EA32AF1925200C57000 /* Build configuration list for PBXNativeTarget "RickAndMortySampleIOSProject" */;
			buildPhases = (
				8E7F3E752AF1925000C57000 /* Sources */,
				8E7F3E762AF1925000C57000 /* Frameworks */,
				8E7F3E772AF1925000C57000 /* Resources */,
			);
			buildRules = (
			);
			dependencies = (
			);
			name = RickAndMortySampleIOSProject;
			productName = RickAndMortySampleIOSProject;
			productReference = 8E7F3E792AF1925000C57000 /* RickAndMortySampleIOSProject.app */;
			productType = "com.apple.product-type.application";
		};
		8E7F3E8E2AF1925200C57000 /* RickAndMortySampleIOSProjectTests */ = {
			isa = PBXNativeTarget;
			buildConfigurationList = 8E7F3EA62AF1925200C57000 /* Build configuration list for PBXNativeTarget "RickAndMortySampleIOSProjectTests" */;
			buildPhases = (
				8E7F3E8B2AF1925200C57000 /* Sources */,
				8E7F3E8C2AF1925200C57000 /* Frameworks */,
				8E7F3E8D2AF1925200C57000 /* Resources */,
			);
			buildRules = (
			);
			dependencies = (
				8E7F3E912AF1925200C57000 /* PBXTargetDependency */,
			);
			name = RickAndMortySampleIOSProjectTests;
			productName = RickAndMortySampleIOSProjectTests;
			productReference = 8E7F3E8F2AF1925200C57000 /* RickAndMortySampleIOSProjectTests.xctest */;
			productType = "com.apple.product-type.bundle.unit-test";
		};
		8E7F3E982AF1925200C57000 /* RickAndMortySampleIOSProjectUITests */ = {
			isa = PBXNativeTarget;
			buildConfigurationList = 8E7F3EA92AF1925200C57000 /* Build configuration list for PBXNativeTarget "RickAndMortySampleIOSProjectUITests" */;
			buildPhases = (
				8E7F3E952AF1925200C57000 /* Sources */,
				8E7F3E962AF1925200C57000 /* Frameworks */,
				8E7F3E972AF1925200C57000 /* Resources */,
			);
			buildRules = (
			);
			dependencies = (
				8E7F3E9B2AF1925200C57000 /* PBXTargetDependency */,
			);
			name = RickAndMortySampleIOSProjectUITests;
			productName = RickAndMortySampleIOSProjectUITests;
			productReference = 8E7F3E992AF1925200C57000 /* RickAndMortySampleIOSProjectUITests.xctest */;
			productType = "com.apple.product-type.bundle.ui-testing";
		};
/* End PBXNativeTarget section */

/* Begin PBXProject section */
		8E7F3E712AF1925000C57000 /* Project object */ = {
			isa = PBXProject;
			attributes = {
				BuildIndependentTargetsInParallel = 1;
				LastSwiftUpdateCheck = 1500;
				LastUpgradeCheck = 1500;
				TargetAttributes = {
					8E7F3E782AF1925000C57000 = {
						CreatedOnToolsVersion = 15.0.1;
					};
					8E7F3E8E2AF1925200C57000 = {
						CreatedOnToolsVersion = 15.0.1;
						TestTargetID = 8E7F3E782AF1925000C57000;
					};
					8E7F3E982AF1925200C57000 = {
						CreatedOnToolsVersion = 15.0.1;
						TestTargetID = 8E7F3E782AF1925000C57000;
					};
				};
			};
			buildConfigurationList = 8E7F3E742AF1925000C57000 /* Build configuration list for PBXProject "RickAndMortySampleIOSProject" */;
			compatibilityVersion = "Xcode 14.0";
			developmentRegion = en;
			hasScannedForEncodings = 0;
			knownRegions = (
				en,
				Base,
			);
			mainGroup = 8E7F3E702AF1925000C57000;
			productRefGroup = 8E7F3E7A2AF1925000C57000 /* Products */;
			projectDirPath = "";
			projectRoot = "";
			targets = (
				8E7F3E782AF1925000C57000 /* RickAndMortySampleIOSProject */,
				8E7F3E8E2AF1925200C57000 /* RickAndMortySampleIOSProjectTests */,
				8E7F3E982AF1925200C57000 /* RickAndMortySampleIOSProjectUITests */,
			);
		};
/* End PBXProject section */

/* Begin PBXResourcesBuildPhase section */
		8E7F3E772AF1925000C57000 /* Resources */ = {
			isa = PBXResourcesBuildPhase;
			buildActionMask = 2147483647;
			files = (
				8E7F3E892AF1925200C57000 /* LaunchScreen.storyboard in Resources */,
				8E7F3E862AF1925200C57000 /* Assets.xcassets in Resources */,
			);
			runOnlyForDeploymentPostprocessing = 0;
		};
		8E7F3E8D2AF1925200C57000 /* Resources */ = {
			isa = PBXResourcesBuildPhase;
			buildActionMask = 2147483647;
			files = (
			);
			runOnlyForDeploymentPostprocessing = 0;
		};
		8E7F3E972AF1925200C57000 /* Resources */ = {
			isa = PBXResourcesBuildPhase;
			buildActionMask = 2147483647;
			files = (
			);
			runOnlyForDeploymentPostprocessing = 0;
		};
/* End PBXResourcesBuildPhase section */

/* Begin PBXSourcesBuildPhase section */
		8E7F3E752AF1925000C57000 /* Sources */ = {
			isa = PBXSourcesBuildPhase;
			buildActionMask = 2147483647;
			files = (
				8E7F3EBD2AF1AD1D00C57000 /* RMEpisodeController.swift in Sources */,
				8E7F3EBB2AF1AD0A00C57000 /* RMLocationController.swift in Sources */,
				8E7F3EB82AF1ACA300C57000 /* RMCharacter.swift in Sources */,
				8E7F3EC12AF1AD4400C57000 /* RMSettingsController.swift in Sources */,
				8E7F3E812AF1925000C57000 /* RMTabBarController.swift in Sources */,
				8E7F3E7D2AF1925000C57000 /* AppDelegate.swift in Sources */,
				8E7F3EB62AF1AC9400C57000 /* RMEpisode.swift in Sources */,
				8E7F3EC32AFC4C3100C57000 /* RMService.swift in Sources */,
				8E7F3EBF2AF1AD3000C57000 /* RMCharacterController.swift in Sources */,
				8E7F3EC72AFC4D2900C57000 /* RMEndpoint.swift in Sources */,
				8E7F3E7F2AF1925000C57000 /* SceneDelegate.swift in Sources */,
				8E7F3EC52AFC4C4700C57000 /* RMRequest.swift in Sources */,
				8E7F3EB42AF1AC8600C57000 /* RMLocation.swift in Sources */,
			);
			runOnlyForDeploymentPostprocessing = 0;
		};
		8E7F3E8B2AF1925200C57000 /* Sources */ = {
			isa = PBXSourcesBuildPhase;
			buildActionMask = 2147483647;
			files = (
				8E7F3E942AF1925200C57000 /* RickAndMortySampleIOSProjectTests.swift in Sources */,
			);
			runOnlyForDeploymentPostprocessing = 0;
		};
		8E7F3E952AF1925200C57000 /* Sources */ = {
			isa = PBXSourcesBuildPhase;
			buildActionMask = 2147483647;
			files = (
				8E7F3E9E2AF1925200C57000 /* RickAndMortySampleIOSProjectUITests.swift in Sources */,
				8E7F3EA02AF1925200C57000 /* RickAndMortySampleIOSProjectUITestsLaunchTests.swift in Sources */,
			);
			runOnlyForDeploymentPostprocessing = 0;
		};
/* End PBXSourcesBuildPhase section */

/* Begin PBXTargetDependency section */
		8E7F3E912AF1925200C57000 /* PBXTargetDependency */ = {
			isa = PBXTargetDependency;
			target = 8E7F3E782AF1925000C57000 /* RickAndMortySampleIOSProject */;
			targetProxy = 8E7F3E902AF1925200C57000 /* PBXContainerItemProxy */;
		};
		8E7F3E9B2AF1925200C57000 /* PBXTargetDependency */ = {
			isa = PBXTargetDependency;
			target = 8E7F3E782AF1925000C57000 /* RickAndMortySampleIOSProject */;
			targetProxy = 8E7F3E9A2AF1925200C57000 /* PBXContainerItemProxy */;
		};
/* End PBXTargetDependency section */

/* Begin PBXVariantGroup section */
		8E7F3E872AF1925200C57000 /* LaunchScreen.storyboard */ = {
			isa = PBXVariantGroup;
			children = (
				8E7F3E882AF1925200C57000 /* Base */,
			);
			name = LaunchScreen.storyboard;
			sourceTree = "<group>";
		};
/* End PBXVariantGroup section */

/* Begin XCBuildConfiguration section */
		8E7F3EA12AF1925200C57000 /* Debug */ = {
			isa = XCBuildConfiguration;
			buildSettings = {
				ALWAYS_SEARCH_USER_PATHS = NO;
				ASSETCATALOG_COMPILER_GENERATE_SWIFT_ASSET_SYMBOL_EXTENSIONS = YES;
				CLANG_ANALYZER_NONNULL = YES;
				CLANG_ANALYZER_NUMBER_OBJECT_CONVERSION = YES_AGGRESSIVE;
				CLANG_CXX_LANGUAGE_STANDARD = "gnu++20";
				CLANG_ENABLE_MODULES = YES;
				CLANG_ENABLE_OBJC_ARC = YES;
				CLANG_ENABLE_OBJC_WEAK = YES;
				CLANG_WARN_BLOCK_CAPTURE_AUTORELEASING = YES;
				CLANG_WARN_BOOL_CONVERSION = YES;
				CLANG_WARN_COMMA = YES;
				CLANG_WARN_CONSTANT_CONVERSION = YES;
				CLANG_WARN_DEPRECATED_OBJC_IMPLEMENTATIONS = YES;
				CLANG_WARN_DIRECT_OBJC_ISA_USAGE = YES_ERROR;
				CLANG_WARN_DOCUMENTATION_COMMENTS = YES;
				CLANG_WARN_EMPTY_BODY = YES;
				CLANG_WARN_ENUM_CONVERSION = YES;
				CLANG_WARN_INFINITE_RECURSION = YES;
				CLANG_WARN_INT_CONVERSION = YES;
				CLANG_WARN_NON_LITERAL_NULL_CONVERSION = YES;
				CLANG_WARN_OBJC_IMPLICIT_RETAIN_SELF = YES;
				CLANG_WARN_OBJC_LITERAL_CONVERSION = YES;
				CLANG_WARN_OBJC_ROOT_CLASS = YES_ERROR;
				CLANG_WARN_QUOTED_INCLUDE_IN_FRAMEWORK_HEADER = YES;
				CLANG_WARN_RANGE_LOOP_ANALYSIS = YES;
				CLANG_WARN_STRICT_PROTOTYPES = YES;
				CLANG_WARN_SUSPICIOUS_MOVE = YES;
				CLANG_WARN_UNGUARDED_AVAILABILITY = YES_AGGRESSIVE;
				CLANG_WARN_UNREACHABLE_CODE = YES;
				CLANG_WARN__DUPLICATE_METHOD_MATCH = YES;
				COPY_PHASE_STRIP = NO;
				DEBUG_INFORMATION_FORMAT = dwarf;
				ENABLE_STRICT_OBJC_MSGSEND = YES;
				ENABLE_TESTABILITY = YES;
				ENABLE_USER_SCRIPT_SANDBOXING = YES;
				GCC_C_LANGUAGE_STANDARD = gnu17;
				GCC_DYNAMIC_NO_PIC = NO;
				GCC_NO_COMMON_BLOCKS = YES;
				GCC_OPTIMIZATION_LEVEL = 0;
				GCC_PREPROCESSOR_DEFINITIONS = (
					"DEBUG=1",
					"$(inherited)",
				);
				GCC_WARN_64_TO_32_BIT_CONVERSION = YES;
				GCC_WARN_ABOUT_RETURN_TYPE = YES_ERROR;
				GCC_WARN_UNDECLARED_SELECTOR = YES;
				GCC_WARN_UNINITIALIZED_AUTOS = YES_AGGRESSIVE;
				GCC_WARN_UNUSED_FUNCTION = YES;
				GCC_WARN_UNUSED_VARIABLE = YES;
				IPHONEOS_DEPLOYMENT_TARGET = 17.0;
				LOCALIZATION_PREFERS_STRING_CATALOGS = YES;
				MTL_ENABLE_DEBUG_INFO = INCLUDE_SOURCE;
				MTL_FAST_MATH = YES;
				ONLY_ACTIVE_ARCH = YES;
				SDKROOT = iphoneos;
				SWIFT_ACTIVE_COMPILATION_CONDITIONS = "DEBUG $(inherited)";
				SWIFT_OPTIMIZATION_LEVEL = "-Onone";
			};
			name = Debug;
		};
		8E7F3EA22AF1925200C57000 /* Release */ = {
			isa = XCBuildConfiguration;
			buildSettings = {
				ALWAYS_SEARCH_USER_PATHS = NO;
				ASSETCATALOG_COMPILER_GENERATE_SWIFT_ASSET_SYMBOL_EXTENSIONS = YES;
				CLANG_ANALYZER_NONNULL = YES;
				CLANG_ANALYZER_NUMBER_OBJECT_CONVERSION = YES_AGGRESSIVE;
				CLANG_CXX_LANGUAGE_STANDARD = "gnu++20";
				CLANG_ENABLE_MODULES = YES;
				CLANG_ENABLE_OBJC_ARC = YES;
				CLANG_ENABLE_OBJC_WEAK = YES;
				CLANG_WARN_BLOCK_CAPTURE_AUTORELEASING = YES;
				CLANG_WARN_BOOL_CONVERSION = YES;
				CLANG_WARN_COMMA = YES;
				CLANG_WARN_CONSTANT_CONVERSION = YES;
				CLANG_WARN_DEPRECATED_OBJC_IMPLEMENTATIONS = YES;
				CLANG_WARN_DIRECT_OBJC_ISA_USAGE = YES_ERROR;
				CLANG_WARN_DOCUMENTATION_COMMENTS = YES;
				CLANG_WARN_EMPTY_BODY = YES;
				CLANG_WARN_ENUM_CONVERSION = YES;
				CLANG_WARN_INFINITE_RECURSION = YES;
				CLANG_WARN_INT_CONVERSION = YES;
				CLANG_WARN_NON_LITERAL_NULL_CONVERSION = YES;
				CLANG_WARN_OBJC_IMPLICIT_RETAIN_SELF = YES;
				CLANG_WARN_OBJC_LITERAL_CONVERSION = YES;
				CLANG_WARN_OBJC_ROOT_CLASS = YES_ERROR;
				CLANG_WARN_QUOTED_INCLUDE_IN_FRAMEWORK_HEADER = YES;
				CLANG_WARN_RANGE_LOOP_ANALYSIS = YES;
				CLANG_WARN_STRICT_PROTOTYPES = YES;
				CLANG_WARN_SUSPICIOUS_MOVE = YES;
				CLANG_WARN_UNGUARDED_AVAILABILITY = YES_AGGRESSIVE;
				CLANG_WARN_UNREACHABLE_CODE = YES;
				CLANG_WARN__DUPLICATE_METHOD_MATCH = YES;
				COPY_PHASE_STRIP = NO;
				DEBUG_INFORMATION_FORMAT = "dwarf-with-dsym";
				ENABLE_NS_ASSERTIONS = NO;
				ENABLE_STRICT_OBJC_MSGSEND = YES;
				ENABLE_USER_SCRIPT_SANDBOXING = YES;
				GCC_C_LANGUAGE_STANDARD = gnu17;
				GCC_NO_COMMON_BLOCKS = YES;
				GCC_WARN_64_TO_32_BIT_CONVERSION = YES;
				GCC_WARN_ABOUT_RETURN_TYPE = YES_ERROR;
				GCC_WARN_UNDECLARED_SELECTOR = YES;
				GCC_WARN_UNINITIALIZED_AUTOS = YES_AGGRESSIVE;
				GCC_WARN_UNUSED_FUNCTION = YES;
				GCC_WARN_UNUSED_VARIABLE = YES;
				IPHONEOS_DEPLOYMENT_TARGET = 17.0;
				LOCALIZATION_PREFERS_STRING_CATALOGS = YES;
				MTL_ENABLE_DEBUG_INFO = NO;
				MTL_FAST_MATH = YES;
				SDKROOT = iphoneos;
				SWIFT_COMPILATION_MODE = wholemodule;
				VALIDATE_PRODUCT = YES;
			};
			name = Release;
		};
		8E7F3EA42AF1925200C57000 /* Debug */ = {
			isa = XCBuildConfiguration;
			buildSettings = {
				ASSETCATALOG_COMPILER_APPICON_NAME = AppIcon;
				ASSETCATALOG_COMPILER_GLOBAL_ACCENT_COLOR_NAME = AccentColor;
				CODE_SIGN_STYLE = Automatic;
				CURRENT_PROJECT_VERSION = 1;
				DEVELOPMENT_TEAM = 32ZV3L2T3J;
				GENERATE_INFOPLIST_FILE = YES;
				INFOPLIST_FILE = RickAndMortySampleIOSProject/Info.plist;
				INFOPLIST_KEY_UIApplicationSupportsIndirectInputEvents = YES;
				INFOPLIST_KEY_UILaunchStoryboardName = LaunchScreen;
				INFOPLIST_KEY_UISupportedInterfaceOrientations_iPad = "UIInterfaceOrientationPortrait UIInterfaceOrientationPortraitUpsideDown UIInterfaceOrientationLandscapeLeft UIInterfaceOrientationLandscapeRight";
				INFOPLIST_KEY_UISupportedInterfaceOrientations_iPhone = "UIInterfaceOrientationPortrait UIInterfaceOrientationLandscapeLeft UIInterfaceOrientationLandscapeRight";
				LD_RUNPATH_SEARCH_PATHS = (
					"$(inherited)",
					"@executable_path/Frameworks",
				);
				MARKETING_VERSION = 1.0;
				PRODUCT_BUNDLE_IDENTIFIER = ios.air.RickAndMortySampleIOSProject;
				PRODUCT_NAME = "$(TARGET_NAME)";
				SWIFT_EMIT_LOC_STRINGS = YES;
				SWIFT_VERSION = 5.0;
				TARGETED_DEVICE_FAMILY = "1,2";
			};
			name = Debug;
		};
		8E7F3EA52AF1925200C57000 /* Release */ = {
			isa = XCBuildConfiguration;
			buildSettings = {
				ASSETCATALOG_COMPILER_APPICON_NAME = AppIcon;
				ASSETCATALOG_COMPILER_GLOBAL_ACCENT_COLOR_NAME = AccentColor;
				CODE_SIGN_STYLE = Automatic;
				CURRENT_PROJECT_VERSION = 1;
				DEVELOPMENT_TEAM = 32ZV3L2T3J;
				GENERATE_INFOPLIST_FILE = YES;
				INFOPLIST_FILE = RickAndMortySampleIOSProject/Info.plist;
				INFOPLIST_KEY_UIApplicationSupportsIndirectInputEvents = YES;
				INFOPLIST_KEY_UILaunchStoryboardName = LaunchScreen;
				INFOPLIST_KEY_UISupportedInterfaceOrientations_iPad = "UIInterfaceOrientationPortrait UIInterfaceOrientationPortraitUpsideDown UIInterfaceOrientationLandscapeLeft UIInterfaceOrientationLandscapeRight";
				INFOPLIST_KEY_UISupportedInterfaceOrientations_iPhone = "UIInterfaceOrientationPortrait UIInterfaceOrientationLandscapeLeft UIInterfaceOrientationLandscapeRight";
				LD_RUNPATH_SEARCH_PATHS = (
					"$(inherited)",
					"@executable_path/Frameworks",
				);
				MARKETING_VERSION = 1.0;
				PRODUCT_BUNDLE_IDENTIFIER = ios.air.RickAndMortySampleIOSProject;
				PRODUCT_NAME = "$(TARGET_NAME)";
				SWIFT_EMIT_LOC_STRINGS = YES;
				SWIFT_VERSION = 5.0;
				TARGETED_DEVICE_FAMILY = "1,2";
			};
			name = Release;
		};
		8E7F3EA72AF1925200C57000 /* Debug */ = {
			isa = XCBuildConfiguration;
			buildSettings = {
				ALWAYS_EMBED_SWIFT_STANDARD_LIBRARIES = YES;
				BUNDLE_LOADER = "$(TEST_HOST)";
				CODE_SIGN_STYLE = Automatic;
				CURRENT_PROJECT_VERSION = 1;
				DEVELOPMENT_TEAM = 32ZV3L2T3J;
				GENERATE_INFOPLIST_FILE = YES;
				IPHONEOS_DEPLOYMENT_TARGET = 17.0;
				MARKETING_VERSION = 1.0;
				PRODUCT_BUNDLE_IDENTIFIER = ios.air.RickAndMortySampleIOSProjectTests;
				PRODUCT_NAME = "$(TARGET_NAME)";
				SWIFT_EMIT_LOC_STRINGS = NO;
				SWIFT_VERSION = 5.0;
				TARGETED_DEVICE_FAMILY = "1,2";
				TEST_HOST = "$(BUILT_PRODUCTS_DIR)/RickAndMortySampleIOSProject.app/$(BUNDLE_EXECUTABLE_FOLDER_PATH)/RickAndMortySampleIOSProject";
			};
			name = Debug;
		};
		8E7F3EA82AF1925200C57000 /* Release */ = {
			isa = XCBuildConfiguration;
			buildSettings = {
				ALWAYS_EMBED_SWIFT_STANDARD_LIBRARIES = YES;
				BUNDLE_LOADER = "$(TEST_HOST)";
				CODE_SIGN_STYLE = Automatic;
				CURRENT_PROJECT_VERSION = 1;
				DEVELOPMENT_TEAM = 32ZV3L2T3J;
				GENERATE_INFOPLIST_FILE = YES;
				IPHONEOS_DEPLOYMENT_TARGET = 17.0;
				MARKETING_VERSION = 1.0;
				PRODUCT_BUNDLE_IDENTIFIER = ios.air.RickAndMortySampleIOSProjectTests;
				PRODUCT_NAME = "$(TARGET_NAME)";
				SWIFT_EMIT_LOC_STRINGS = NO;
				SWIFT_VERSION = 5.0;
				TARGETED_DEVICE_FAMILY = "1,2";
				TEST_HOST = "$(BUILT_PRODUCTS_DIR)/RickAndMortySampleIOSProject.app/$(BUNDLE_EXECUTABLE_FOLDER_PATH)/RickAndMortySampleIOSProject";
			};
			name = Release;
		};
		8E7F3EAA2AF1925200C57000 /* Debug */ = {
			isa = XCBuildConfiguration;
			buildSettings = {
				ALWAYS_EMBED_SWIFT_STANDARD_LIBRARIES = YES;
				CODE_SIGN_STYLE = Automatic;
				CURRENT_PROJECT_VERSION = 1;
				DEVELOPMENT_TEAM = 32ZV3L2T3J;
				GENERATE_INFOPLIST_FILE = YES;
				MARKETING_VERSION = 1.0;
				PRODUCT_BUNDLE_IDENTIFIER = ios.air.RickAndMortySampleIOSProjectUITests;
				PRODUCT_NAME = "$(TARGET_NAME)";
				SWIFT_EMIT_LOC_STRINGS = NO;
				SWIFT_VERSION = 5.0;
				TARGETED_DEVICE_FAMILY = "1,2";
				TEST_TARGET_NAME = RickAndMortySampleIOSProject;
			};
			name = Debug;
		};
		8E7F3EAB2AF1925200C57000 /* Release */ = {
			isa = XCBuildConfiguration;
			buildSettings = {
				ALWAYS_EMBED_SWIFT_STANDARD_LIBRARIES = YES;
				CODE_SIGN_STYLE = Automatic;
				CURRENT_PROJECT_VERSION = 1;
				DEVELOPMENT_TEAM = 32ZV3L2T3J;
				GENERATE_INFOPLIST_FILE = YES;
				MARKETING_VERSION = 1.0;
				PRODUCT_BUNDLE_IDENTIFIER = ios.air.RickAndMortySampleIOSProjectUITests;
				PRODUCT_NAME = "$(TARGET_NAME)";
				SWIFT_EMIT_LOC_STRINGS = NO;
				SWIFT_VERSION = 5.0;
				TARGETED_DEVICE_FAMILY = "1,2";
				TEST_TARGET_NAME = RickAndMortySampleIOSProject;
			};
			name = Release;
		};
/* End XCBuildConfiguration section */

/* Begin XCConfigurationList section */
		8E7F3E742AF1925000C57000 /* Build configuration list for PBXProject "RickAndMortySampleIOSProject" */ = {
			isa = XCConfigurationList;
			buildConfigurations = (
				8E7F3EA12AF1925200C57000 /* Debug */,
				8E7F3EA22AF1925200C57000 /* Release */,
			);
			defaultConfigurationIsVisible = 0;
			defaultConfigurationName = Release;
		};
		8E7F3EA32AF1925200C57000 /* Build configuration list for PBXNativeTarget "RickAndMortySampleIOSProject" */ = {
			isa = XCConfigurationList;
			buildConfigurations = (
				8E7F3EA42AF1925200C57000 /* Debug */,
				8E7F3EA52AF1925200C57000 /* Release */,
			);
			defaultConfigurationIsVisible = 0;
			defaultConfigurationName = Release;
		};
		8E7F3EA62AF1925200C57000 /* Build configuration list for PBXNativeTarget "RickAndMortySampleIOSProjectTests" */ = {
			isa = XCConfigurationList;
			buildConfigurations = (
				8E7F3EA72AF1925200C57000 /* Debug */,
				8E7F3EA82AF1925200C57000 /* Release */,
			);
			defaultConfigurationIsVisible = 0;
			defaultConfigurationName = Release;
		};
		8E7F3EA92AF1925200C57000 /* Build configuration list for PBXNativeTarget "RickAndMortySampleIOSProjectUITests" */ = {
			isa = XCConfigurationList;
			buildConfigurations = (
				8E7F3EAA2AF1925200C57000 /* Debug */,
				8E7F3EAB2AF1925200C57000 /* Release */,
			);
			defaultConfigurationIsVisible = 0;
			defaultConfigurationName = Release;
		};
/* End XCConfigurationList section */
	};
	rootObject = 8E7F3E712AF1925000C57000 /* Project object */;
}
